[[package]]
name = "askama"
version = "0.6.4"
source = "git+https://github.com/djc/askama#12c920d7e34dae4934d52072ab9d8cb271d71058"
dependencies = [
 "askama_derive 0.6.4 (git+https://github.com/djc/askama)",
 "askama_shared 0.6.2 (git+https://github.com/djc/askama)",
]

[[package]]
name = "askama_derive"
version = "0.6.4"
source = "git+https://github.com/djc/askama#12c920d7e34dae4934d52072ab9d8cb271d71058"
dependencies = [
 "askama_shared 0.6.2 (git+https://github.com/djc/askama)",
 "nom 3.2.1 (registry+https://github.com/rust-lang/crates.io-index)",
 "proc-macro2 0.4.6 (registry+https://github.com/rust-lang/crates.io-index)",
 "quote 0.6.3 (registry+https://github.com/rust-lang/crates.io-index)",
 "syn 0.14.2 (registry+https://github.com/rust-lang/crates.io-index)",
]

[[package]]
name = "askama_shared"
version = "0.6.2"
source = "git+https://github.com/djc/askama#12c920d7e34dae4934d52072ab9d8cb271d71058"

[[package]]
name = "kek"
version = "0.1.0"
dependencies = [
 "askama 0.6.4 (git+https://github.com/djc/askama)",
]

[[package]]
name = "libc"
version = "0.2.42"
source = "registry+https://github.com/rust-lang/crates.io-index"

[[package]]
name = "memchr"
version = "1.0.2"
source = "registry+https://github.com/rust-lang/crates.io-index"
dependencies = [
 "libc 0.2.42 (registry+https://github.com/rust-lang/crates.io-index)",
]

[[package]]
name = "nom"
version = "3.2.1"
source = "registry+https://github.com/rust-lang/crates.io-index"
dependencies = [
 "memchr 1.0.2 (registry+https://github.com/rust-lang/crates.io-index)",
]

[[package]]
name = "proc-macro2"
version = "0.4.6"
source = "registry+https://github.com/rust-lang/crates.io-index"
dependencies = [
 "unicode-xid 0.1.0 (registry+https://github.com/rust-lang/crates.io-index)",
]

[[package]]
name = "quote"
version = "0.6.3"
source = "registry+https://github.com/rust-lang/crates.io-index"
dependencies = [
 "proc-macro2 0.4.6 (registry+https://github.com/rust-lang/crates.io-index)",
]

[[package]]
name = "syn"
version = "0.14.2"
source = "registry+https://github.com/rust-lang/crates.io-index"
dependencies = [
 "proc-macro2 0.4.6 (registry+https://github.com/rust-lang/crates.io-index)",
 "quote 0.6.3 (registry+https://github.com/rust-lang/crates.io-index)",
 "unicode-xid 0.1.0 (registry+https://github.com/rust-lang/crates.io-index)",
]

[[package]]
name = "unicode-xid"
version = "0.1.0"
source = "registry+https://github.com/rust-lang/crates.io-index"

[metadata]
"checksum askama 0.6.4 (git+https://github.com/djc/askama)" = "<none>"
"checksum askama_derive 0.6.4 (git+https://github.com/djc/askama)" = "<none>"
"checksum askama_shared 0.6.2 (git+https://github.com/djc/askama)" = "<none>"
"checksum libc 0.2.42 (registry+https://github.com/rust-lang/crates.io-index)" = "b685088df2b950fccadf07a7187c8ef846a959c142338a48f9dc0b94517eb5f1"
"checksum memchr 1.0.2 (registry+https://github.com/rust-lang/crates.io-index)" = "148fab2e51b4f1cfc66da2a7c32981d1d3c083a803978268bb11fe4b86925e7a"
"checksum nom 3.2.1 (registry+https://github.com/rust-lang/crates.io-index)" = "05aec50c70fd288702bcd93284a8444607f3292dbdf2a30de5ea5dcdbe72287b"
"checksum proc-macro2 0.4.6 (registry+https://github.com/rust-lang/crates.io-index)" = "effdb53b25cdad54f8f48843d67398f7ef2e14f12c1b4cb4effc549a6462a4d6"
"checksum quote 0.6.3 (registry+https://github.com/rust-lang/crates.io-index)" = "e44651a0dc4cdd99f71c83b561e221f714912d11af1a4dff0631f923d53af035"
"checksum syn 0.14.2 (registry+https://github.com/rust-lang/crates.io-index)" = "c67da57e61ebc7b7b6fff56bb34440ca3a83db037320b0507af4c10368deda7d"
"checksum unicode-xid 0.1.0 (registry+https://github.com/rust-lang/crates.io-index)" = "fc72304796d0818e357ead4e000d19c9c174ab23dc11093ac919054d20a6a7fc"
